// !$*UTF8*$!
{
	archiveVersion = 1;
	classes = {
	};
	objectVersion = 56;
	objects = {

/* Begin PBXBuildFile section */
		95D328732911461200D38393 /* AppDelegate.swift in Sources */ = {isa = PBXBuildFile; fileRef = 95D328722911461200D38393 /* AppDelegate.swift */; };
		95D328752911461200D38393 /* SceneDelegate.swift in Sources */ = {isa = PBXBuildFile; fileRef = 95D328742911461200D38393 /* SceneDelegate.swift */; };
		95D328772911461200D38393 /* ViewController.swift in Sources */ = {isa = PBXBuildFile; fileRef = 95D328762911461200D38393 /* ViewController.swift */; };
		95D3287A2911461200D38393 /* Main.storyboard in Resources */ = {isa = PBXBuildFile; fileRef = 95D328782911461200D38393 /* Main.storyboard */; };
		95D3287C2911461400D38393 /* Assets.xcassets in Resources */ = {isa = PBXBuildFile; fileRef = 95D3287B2911461400D38393 /* Assets.xcassets */; };
		95D3287F2911461400D38393 /* LaunchScreen.storyboard in Resources */ = {isa = PBXBuildFile; fileRef = 95D3287D2911461400D38393 /* LaunchScreen.storyboard */; };
		95D3288A2911461500D38393 /* NY_TimesTests.swift in Sources */ = {isa = PBXBuildFile; fileRef = 95D328892911461500D38393 /* NY_TimesTests.swift */; };
		95D328942911461500D38393 /* NY_TimesUITests.swift in Sources */ = {isa = PBXBuildFile; fileRef = 95D328932911461500D38393 /* NY_TimesUITests.swift */; };
		95D328962911461500D38393 /* NY_TimesUITestsLaunchTests.swift in Sources */ = {isa = PBXBuildFile; fileRef = 95D328952911461500D38393 /* NY_TimesUITestsLaunchTests.swift */; };
/* End PBXBuildFile section */

/* Begin PBXContainerItemProxy section */
		95D328862911461500D38393 /* PBXContainerItemProxy */ = {
			isa = PBXContainerItemProxy;
			containerPortal = 95D328672911461200D38393 /* Project object */;
			proxyType = 1;
			remoteGlobalIDString = 95D3286E2911461200D38393;
			remoteInfo = "NY Times";
		};
		95D328902911461500D38393 /* PBXContainerItemProxy */ = {
			isa = PBXContainerItemProxy;
			containerPortal = 95D328672911461200D38393 /* Project object */;
			proxyType = 1;
			remoteGlobalIDString = 95D3286E2911461200D38393;
			remoteInfo = "NY Times";
		};
/* End PBXContainerItemProxy section */

/* Begin PBXFileReference section */
		95D3286F2911461200D38393 /* NY Times.app */ = {isa = PBXFileReference; explicitFileType = wrapper.application; includeInIndex = 0; path = "NY Times.app"; sourceTree = BUILT_PRODUCTS_DIR; };
		95D328722911461200D38393 /* AppDelegate.swift */ = {isa = PBXFileReference; lastKnownFileType = sourcecode.swift; path = AppDelegate.swift; sourceTree = "<group>"; };
		95D328742911461200D38393 /* SceneDelegate.swift */ = {isa = PBXFileReference; lastKnownFileType = sourcecode.swift; path = SceneDelegate.swift; sourceTree = "<group>"; };
		95D328762911461200D38393 /* ViewController.swift */ = {isa = PBXFileReference; lastKnownFileType = sourcecode.swift; path = ViewController.swift; sourceTree = "<group>"; };
		95D328792911461200D38393 /* Base */ = {isa = PBXFileReference; lastKnownFileType = file.storyboard; name = Base; path = Base.lproj/Main.storyboard; sourceTree = "<group>"; };
		95D3287B2911461400D38393 /* Assets.xcassets */ = {isa = PBXFileReference; lastKnownFileType = folder.assetcatalog; path = Assets.xcassets; sourceTree = "<group>"; };
		95D3287E2911461400D38393 /* Base */ = {isa = PBXFileReference; lastKnownFileType = file.storyboard; name = Base; path = Base.lproj/LaunchScreen.storyboard; sourceTree = "<group>"; };
		95D328802911461400D38393 /* Info.plist */ = {isa = PBXFileReference; lastKnownFileType = text.plist.xml; path = Info.plist; sourceTree = "<group>"; };
		95D328852911461500D38393 /* NY TimesTests.xctest */ = {isa = PBXFileReference; explicitFileType = wrapper.cfbundle; includeInIndex = 0; path = "NY TimesTests.xctest"; sourceTree = BUILT_PRODUCTS_DIR; };
		95D328892911461500D38393 /* NY_TimesTests.swift */ = {isa = PBXFileReference; lastKnownFileType = sourcecode.swift; path = NY_TimesTests.swift; sourceTree = "<group>"; };
		95D3288F2911461500D38393 /* NY TimesUITests.xctest */ = {isa = PBXFileReference; explicitFileType = wrapper.cfbundle; includeInIndex = 0; path = "NY TimesUITests.xctest"; sourceTree = BUILT_PRODUCTS_DIR; };
		95D328932911461500D38393 /* NY_TimesUITests.swift */ = {isa = PBXFileReference; lastKnownFileType = sourcecode.swift; path = NY_TimesUITests.swift; sourceTree = "<group>"; };
		95D328952911461500D38393 /* NY_TimesUITestsLaunchTests.swift */ = {isa = PBXFileReference; lastKnownFileType = sourcecode.swift; path = NY_TimesUITestsLaunchTests.swift; sourceTree = "<group>"; };
/* End PBXFileReference section */

/* Begin PBXFrameworksBuildPhase section */
		95D3286C2911461200D38393 /* Frameworks */ = {
			isa = PBXFrameworksBuildPhase;
			buildActionMask = 2147483647;
			files = (
			);
			runOnlyForDeploymentPostprocessing = 0;
		};
		95D328822911461500D38393 /* Frameworks */ = {
			isa = PBXFrameworksBuildPhase;
			buildActionMask = 2147483647;
			files = (
			);
			runOnlyForDeploymentPostprocessing = 0;
		};
		95D3288C2911461500D38393 /* Frameworks */ = {
			isa = PBXFrameworksBuildPhase;
			buildActionMask = 2147483647;
			files = (
			);
			runOnlyForDeploymentPostprocessing = 0;
		};
/* End PBXFrameworksBuildPhase section */

/* Begin PBXGroup section */
		95D328662911461200D38393 = {
			isa = PBXGroup;
			children = (
				95D328712911461200D38393 /* NY Times */,
				95D328882911461500D38393 /* NY TimesTests */,
				95D328922911461500D38393 /* NY TimesUITests */,
				95D328702911461200D38393 /* Products */,
			);
			sourceTree = "<group>";
		};
		95D328702911461200D38393 /* Products */ = {
			isa = PBXGroup;
			children = (
				95D3286F2911461200D38393 /* NY Times.app */,
				95D328852911461500D38393 /* NY TimesTests.xctest */,
				95D3288F2911461500D38393 /* NY TimesUITests.xctest */,
			);
			name = Products;
			sourceTree = "<group>";
		};
		95D328712911461200D38393 /* NY Times */ = {
			isa = PBXGroup;
			children = (
				95D328722911461200D38393 /* AppDelegate.swift */,
				95D328742911461200D38393 /* SceneDelegate.swift */,
				95D328762911461200D38393 /* ViewController.swift */,
				95D328782911461200D38393 /* Main.storyboard */,
				95D3287B2911461400D38393 /* Assets.xcassets */,
				95D3287D2911461400D38393 /* LaunchScreen.storyboard */,
				95D328802911461400D38393 /* Info.plist */,
			);
			path = "NY Times";
			sourceTree = "<group>";
		};
		95D328882911461500D38393 /* NY TimesTests */ = {
			isa = PBXGroup;
			children = (
				95D328892911461500D38393 /* NY_TimesTests.swift */,
			);
			path = "NY TimesTests";
			sourceTree = "<group>";
		};
		95D328922911461500D38393 /* NY TimesUITests */ = {
			isa = PBXGroup;
			children = (
				95D328932911461500D38393 /* NY_TimesUITests.swift */,
				95D328952911461500D38393 /* NY_TimesUITestsLaunchTests.swift */,
			);
			path = "NY TimesUITests";
			sourceTree = "<group>";
		};
/* End PBXGroup section */

/* Begin PBXNativeTarget section */
		95D3286E2911461200D38393 /* NY Times */ = {
			isa = PBXNativeTarget;
			buildConfigurationList = 95D328992911461500D38393 /* Build configuration list for PBXNativeTarget "NY Times" */;
			buildPhases = (
				95D3286B2911461200D38393 /* Sources */,
				95D3286C2911461200D38393 /* Frameworks */,
				95D3286D2911461200D38393 /* Resources */,
			);
			buildRules = (
			);
			dependencies = (
			);
			name = "NY Times";
			productName = "NY Times";
			productReference = 95D3286F2911461200D38393 /* NY Times.app */;
			productType = "com.apple.product-type.application";
		};
		95D328842911461500D38393 /* NY TimesTests */ = {
			isa = PBXNativeTarget;
			buildConfigurationList = 95D3289C2911461500D38393 /* Build configuration list for PBXNativeTarget "NY TimesTests" */;
			buildPhases = (
				95D328812911461500D38393 /* Sources */,
				95D328822911461500D38393 /* Frameworks */,
				95D328832911461500D38393 /* Resources */,
			);
			buildRules = (
			);
			dependencies = (
				95D328872911461500D38393 /* PBXTargetDependency */,
			);
			name = "NY TimesTests";
			productName = "NY TimesTests";
			productReference = 95D328852911461500D38393 /* NY TimesTests.xctest */;
			productType = "com.apple.product-type.bundle.unit-test";
		};
		95D3288E2911461500D38393 /* NY TimesUITests */ = {
			isa = PBXNativeTarget;
			buildConfigurationList = 95D3289F2911461500D38393 /* Build configuration list for PBXNativeTarget "NY TimesUITests" */;
			buildPhases = (
				95D3288B2911461500D38393 /* Sources */,
				95D3288C2911461500D38393 /* Frameworks */,
				95D3288D2911461500D38393 /* Resources */,
			);
			buildRules = (
			);
			dependencies = (
				95D328912911461500D38393 /* PBXTargetDependency */,
			);
			name = "NY TimesUITests";
			productName = "NY TimesUITests";
			productReference = 95D3288F2911461500D38393 /* NY TimesUITests.xctest */;
			productType = "com.apple.product-type.bundle.ui-testing";
		};
/* End PBXNativeTarget section */

/* Begin PBXProject section */
		95D328672911461200D38393 /* Project object */ = {
			isa = PBXProject;
			attributes = {
				BuildIndependentTargetsInParallel = 1;
				LastSwiftUpdateCheck = 1400;
				LastUpgradeCheck = 1400;
				TargetAttributes = {
					95D3286E2911461200D38393 = {
						CreatedOnToolsVersion = 14.0.1;
					};
					95D328842911461500D38393 = {
						CreatedOnToolsVersion = 14.0.1;
						TestTargetID = 95D3286E2911461200D38393;
					};
					95D3288E2911461500D38393 = {
						CreatedOnToolsVersion = 14.0.1;
						TestTargetID = 95D3286E2911461200D38393;
					};
				};
			};
			buildConfigurationList = 95D3286A2911461200D38393 /* Build configuration list for PBXProject "NY Times" */;
			compatibilityVersion = "Xcode 14.0";
			developmentRegion = en;
			hasScannedForEncodings = 0;
			knownRegions = (
				en,
				Base,
			);
			mainGroup = 95D328662911461200D38393;
			productRefGroup = 95D328702911461200D38393 /* Products */;
			projectDirPath = "";
			projectRoot = "";
			targets = (
				95D3286E2911461200D38393 /* NY Times */,
				95D328842911461500D38393 /* NY TimesTests */,
				95D3288E2911461500D38393 /* NY TimesUITests */,
			);
		};
/* End PBXProject section */

/* Begin PBXResourcesBuildPhase section */
		95D3286D2911461200D38393 /* Resources */ = {
			isa = PBXResourcesBuildPhase;
			buildActionMask = 2147483647;
			files = (
				95D3287F2911461400D38393 /* LaunchScreen.storyboard in Resources */,
				95D3287C2911461400D38393 /* Assets.xcassets in Resources */,
				95D3287A2911461200D38393 /* Main.storyboard in Resources */,
			);
			runOnlyForDeploymentPostprocessing = 0;
		};
		95D328832911461500D38393 /* Resources */ = {
			isa = PBXResourcesBuildPhase;
			buildActionMask = 2147483647;
			files = (
			);
			runOnlyForDeploymentPostprocessing = 0;
		};
		95D3288D2911461500D38393 /* Resources */ = {
			isa = PBXResourcesBuildPhase;
			buildActionMask = 2147483647;
			files = (
			);
			runOnlyForDeploymentPostprocessing = 0;
		};
/* End PBXResourcesBuildPhase section */

/* Begin PBXSourcesBuildPhase section */
		95D3286B2911461200D38393 /* Sources */ = {
			isa = PBXSourcesBuildPhase;
			buildActionMask = 2147483647;
			files = (
				95D328772911461200D38393 /* ViewController.swift in Sources */,
				95D328732911461200D38393 /* AppDelegate.swift in Sources */,
				95D328752911461200D38393 /* SceneDelegate.swift in Sources */,
			);
			runOnlyForDeploymentPostprocessing = 0;
		};
		95D328812911461500D38393 /* Sources */ = {
			isa = PBXSourcesBuildPhase;
			buildActionMask = 2147483647;
			files = (
				95D3288A2911461500D38393 /* NY_TimesTests.swift in Sources */,
			);
			runOnlyForDeploymentPostprocessing = 0;
		};
		95D3288B2911461500D38393 /* Sources */ = {
			isa = PBXSourcesBuildPhase;
			buildActionMask = 2147483647;
			files = (
				95D328962911461500D38393 /* NY_TimesUITestsLaunchTests.swift in Sources */,
				95D328942911461500D38393 /* NY_TimesUITests.swift in Sources */,
			);
			runOnlyForDeploymentPostprocessing = 0;
		};
/* End PBXSourcesBuildPhase section */

/* Begin PBXTargetDependency section */
		95D328872911461500D38393 /* PBXTargetDependency */ = {
			isa = PBXTargetDependency;
			target = 95D3286E2911461200D38393 /* NY Times */;
			targetProxy = 95D328862911461500D38393 /* PBXContainerItemProxy */;
		};
		95D328912911461500D38393 /* PBXTargetDependency */ = {
			isa = PBXTargetDependency;
			target = 95D3286E2911461200D38393 /* NY Times */;
			targetProxy = 95D328902911461500D38393 /* PBXContainerItemProxy */;
		};
/* End PBXTargetDependency section */

/* Begin PBXVariantGroup section */
		95D328782911461200D38393 /* Main.storyboard */ = {
			isa = PBXVariantGroup;
			children = (
				95D328792911461200D38393 /* Base */,
			);
			name = Main.storyboard;
			sourceTree = "<group>";
		};
		95D3287D2911461400D38393 /* LaunchScreen.storyboard */ = {
			isa = PBXVariantGroup;
			children = (
				95D3287E2911461400D38393 /* Base */,
			);
			name = LaunchScreen.storyboard;
			sourceTree = "<group>";
		};
/* End PBXVariantGroup section */

/* Begin XCBuildConfiguration section */
		95D328972911461500D38393 /* Debug */ = {
			isa = XCBuildConfiguration;
			buildSettings = {
				ALWAYS_SEARCH_USER_PATHS = NO;
				CLANG_ANALYZER_NONNULL = YES;
				CLANG_ANALYZER_NUMBER_OBJECT_CONVERSION = YES_AGGRESSIVE;
				CLANG_CXX_LANGUAGE_STANDARD = "gnu++20";
				CLANG_ENABLE_MODULES = YES;
				CLANG_ENABLE_OBJC_ARC = YES;
				CLANG_ENABLE_OBJC_WEAK = YES;
				CLANG_WARN_BLOCK_CAPTURE_AUTORELEASING = YES;
				CLANG_WARN_BOOL_CONVERSION = YES;
				CLANG_WARN_COMMA = YES;
				CLANG_WARN_CONSTANT_CONVERSION = YES;
				CLANG_WARN_DEPRECATED_OBJC_IMPLEMENTATIONS = YES;
				CLANG_WARN_DIRECT_OBJC_ISA_USAGE = YES_ERROR;
				CLANG_WARN_DOCUMENTATION_COMMENTS = YES;
				CLANG_WARN_EMPTY_BODY = YES;
				CLANG_WARN_ENUM_CONVERSION = YES;
				CLANG_WARN_INFINITE_RECURSION = YES;
				CLANG_WARN_INT_CONVERSION = YES;
				CLANG_WARN_NON_LITERAL_NULL_CONVERSION = YES;
				CLANG_WARN_OBJC_IMPLICIT_RETAIN_SELF = YES;
				CLANG_WARN_OBJC_LITERAL_CONVERSION = YES;
				CLANG_WARN_OBJC_ROOT_CLASS = YES_ERROR;
				CLANG_WARN_QUOTED_INCLUDE_IN_FRAMEWORK_HEADER = YES;
				CLANG_WARN_RANGE_LOOP_ANALYSIS = YES;
				CLANG_WARN_STRICT_PROTOTYPES = YES;
				CLANG_WARN_SUSPICIOUS_MOVE = YES;
				CLANG_WARN_UNGUARDED_AVAILABILITY = YES_AGGRESSIVE;
				CLANG_WARN_UNREACHABLE_CODE = YES;
				CLANG_WARN__DUPLICATE_METHOD_MATCH = YES;
				COPY_PHASE_STRIP = NO;
				DEBUG_INFORMATION_FORMAT = dwarf;
				ENABLE_STRICT_OBJC_MSGSEND = YES;
				ENABLE_TESTABILITY = YES;
				GCC_C_LANGUAGE_STANDARD = gnu11;
				GCC_DYNAMIC_NO_PIC = NO;
				GCC_NO_COMMON_BLOCKS = YES;
				GCC_OPTIMIZATION_LEVEL = 0;
				GCC_PREPROCESSOR_DEFINITIONS = (
					"DEBUG=1",
					"$(inherited)",
				);
				GCC_WARN_64_TO_32_BIT_CONVERSION = YES;
				GCC_WARN_ABOUT_RETURN_TYPE = YES_ERROR;
				GCC_WARN_UNDECLARED_SELECTOR = YES;
				GCC_WARN_UNINITIALIZED_AUTOS = YES_AGGRESSIVE;
				GCC_WARN_UNUSED_FUNCTION = YES;
				GCC_WARN_UNUSED_VARIABLE = YES;
				IPHONEOS_DEPLOYMENT_TARGET = 16.0;
				MTL_ENABLE_DEBUG_INFO = INCLUDE_SOURCE;
				MTL_FAST_MATH = YES;
				ONLY_ACTIVE_ARCH = YES;
				SDKROOT = iphoneos;
				SWIFT_ACTIVE_COMPILATION_CONDITIONS = DEBUG;
				SWIFT_OPTIMIZATION_LEVEL = "-Onone";
			};
			name = Debug;
		};
		95D328982911461500D38393 /* Release */ = {
			isa = XCBuildConfiguration;
			buildSettings = {
				ALWAYS_SEARCH_USER_PATHS = NO;
				CLANG_ANALYZER_NONNULL = YES;
				CLANG_ANALYZER_NUMBER_OBJECT_CONVERSION = YES_AGGRESSIVE;
				CLANG_CXX_LANGUAGE_STANDARD = "gnu++20";
				CLANG_ENABLE_MODULES = YES;
				CLANG_ENABLE_OBJC_ARC = YES;
				CLANG_ENABLE_OBJC_WEAK = YES;
				CLANG_WARN_BLOCK_CAPTURE_AUTORELEASING = YES;
				CLANG_WARN_BOOL_CONVERSION = YES;
				CLANG_WARN_COMMA = YES;
				CLANG_WARN_CONSTANT_CONVERSION = YES;
				CLANG_WARN_DEPRECATED_OBJC_IMPLEMENTATIONS = YES;
				CLANG_WARN_DIRECT_OBJC_ISA_USAGE = YES_ERROR;
				CLANG_WARN_DOCUMENTATION_COMMENTS = YES;
				CLANG_WARN_EMPTY_BODY = YES;
				CLANG_WARN_ENUM_CONVERSION = YES;
				CLANG_WARN_INFINITE_RECURSION = YES;
				CLANG_WARN_INT_CONVERSION = YES;
				CLANG_WARN_NON_LITERAL_NULL_CONVERSION = YES;
				CLANG_WARN_OBJC_IMPLICIT_RETAIN_SELF = YES;
				CLANG_WARN_OBJC_LITERAL_CONVERSION = YES;
				CLANG_WARN_OBJC_ROOT_CLASS = YES_ERROR;
				CLANG_WARN_QUOTED_INCLUDE_IN_FRAMEWORK_HEADER = YES;
				CLANG_WARN_RANGE_LOOP_ANALYSIS = YES;
				CLANG_WARN_STRICT_PROTOTYPES = YES;
				CLANG_WARN_SUSPICIOUS_MOVE = YES;
				CLANG_WARN_UNGUARDED_AVAILABILITY = YES_AGGRESSIVE;
				CLANG_WARN_UNREACHABLE_CODE = YES;
				CLANG_WARN__DUPLICATE_METHOD_MATCH = YES;
				COPY_PHASE_STRIP = NO;
				DEBUG_INFORMATION_FORMAT = "dwarf-with-dsym";
				ENABLE_NS_ASSERTIONS = NO;
				ENABLE_STRICT_OBJC_MSGSEND = YES;
				GCC_C_LANGUAGE_STANDARD = gnu11;
				GCC_NO_COMMON_BLOCKS = YES;
				GCC_WARN_64_TO_32_BIT_CONVERSION = YES;
				GCC_WARN_ABOUT_RETURN_TYPE = YES_ERROR;
				GCC_WARN_UNDECLARED_SELECTOR = YES;
				GCC_WARN_UNINITIALIZED_AUTOS = YES_AGGRESSIVE;
				GCC_WARN_UNUSED_FUNCTION = YES;
				GCC_WARN_UNUSED_VARIABLE = YES;
				IPHONEOS_DEPLOYMENT_TARGET = 16.0;
				MTL_ENABLE_DEBUG_INFO = NO;
				MTL_FAST_MATH = YES;
				SDKROOT = iphoneos;
				SWIFT_COMPILATION_MODE = wholemodule;
				SWIFT_OPTIMIZATION_LEVEL = "-O";
				VALIDATE_PRODUCT = YES;
			};
			name = Release;
		};
		95D3289A2911461500D38393 /* Debug */ = {
			isa = XCBuildConfiguration;
			buildSettings = {
				ASSETCATALOG_COMPILER_APPICON_NAME = AppIcon;
				ASSETCATALOG_COMPILER_GLOBAL_ACCENT_COLOR_NAME = AccentColor;
				CODE_SIGN_STYLE = Automatic;
				CURRENT_PROJECT_VERSION = 1;
				DEVELOPMENT_TEAM = WV3DL6QLG2;
				GENERATE_INFOPLIST_FILE = YES;
				INFOPLIST_FILE = "NY Times/Info.plist";
				INFOPLIST_KEY_UIApplicationSupportsIndirectInputEvents = YES;
				INFOPLIST_KEY_UILaunchStoryboardName = LaunchScreen;
				INFOPLIST_KEY_UIMainStoryboardFile = Main;
				INFOPLIST_KEY_UISupportedInterfaceOrientations_iPad = "UIInterfaceOrientationPortrait UIInterfaceOrientationPortraitUpsideDown UIInterfaceOrientationLandscapeLeft UIInterfaceOrientationLandscapeRight";
				INFOPLIST_KEY_UISupportedInterfaceOrientations_iPhone = "UIInterfaceOrientationPortrait UIInterfaceOrientationLandscapeLeft UIInterfaceOrientationLandscapeRight";
				LD_RUNPATH_SEARCH_PATHS = (
					"$(inherited)",
					"@executable_path/Frameworks",
				);
				MARKETING_VERSION = 1.0;
				PRODUCT_BUNDLE_IDENTIFIER = "com..NY-Times";
				PRODUCT_NAME = "$(TARGET_NAME)";
				SWIFT_EMIT_LOC_STRINGS = YES;
				SWIFT_VERSION = 5.0;
				TARGETED_DEVICE_FAMILY = "1,2";
			};
			name = Debug;
		};
		95D3289B2911461500D38393 /* Release */ = {
			isa = XCBuildConfiguration;
			buildSettings = {
				ASSETCATALOG_COMPILER_APPICON_NAME = AppIcon;
				ASSETCATALOG_COMPILER_GLOBAL_ACCENT_COLOR_NAME = AccentColor;
				CODE_SIGN_STYLE = Automatic;
				CURRENT_PROJECT_VERSION = 1;
				DEVELOPMENT_TEAM = WV3DL6QLG2;
				GENERATE_INFOPLIST_FILE = YES;
				INFOPLIST_FILE = "NY Times/Info.plist";
				INFOPLIST_KEY_UIApplicationSupportsIndirectInputEvents = YES;
				INFOPLIST_KEY_UILaunchStoryboardName = LaunchScreen;
				INFOPLIST_KEY_UIMainStoryboardFile = Main;
				INFOPLIST_KEY_UISupportedInterfaceOrientations_iPad = "UIInterfaceOrientationPortrait UIInterfaceOrientationPortraitUpsideDown UIInterfaceOrientationLandscapeLeft UIInterfaceOrientationLandscapeRight";
				INFOPLIST_KEY_UISupportedInterfaceOrientations_iPhone = "UIInterfaceOrientationPortrait UIInterfaceOrientationLandscapeLeft UIInterfaceOrientationLandscapeRight";
				LD_RUNPATH_SEARCH_PATHS = (
					"$(inherited)",
					"@executable_path/Frameworks",
				);
				MARKETING_VERSION = 1.0;
				PRODUCT_BUNDLE_IDENTIFIER = "com..NY-Times";
				PRODUCT_NAME = "$(TARGET_NAME)";
				SWIFT_EMIT_LOC_STRINGS = YES;
				SWIFT_VERSION = 5.0;
				TARGETED_DEVICE_FAMILY = "1,2";
			};
			name = Release;
		};
		95D3289D2911461500D38393 /* Debug */ = {
			isa = XCBuildConfiguration;
			buildSettings = {
				ALWAYS_EMBED_SWIFT_STANDARD_LIBRARIES = YES;
				BUNDLE_LOADER = "$(TEST_HOST)";
				CODE_SIGN_STYLE = Automatic;
				CURRENT_PROJECT_VERSION = 1;
				DEVELOPMENT_TEAM = WV3DL6QLG2;
				GENERATE_INFOPLIST_FILE = YES;
				IPHONEOS_DEPLOYMENT_TARGET = 16.0;
				MARKETING_VERSION = 1.0;
				PRODUCT_BUNDLE_IDENTIFIER = "com..NY-TimesTests";
				PRODUCT_NAME = "$(TARGET_NAME)";
				SWIFT_EMIT_LOC_STRINGS = NO;
				SWIFT_VERSION = 5.0;
				TARGETED_DEVICE_FAMILY = "1,2";
				TEST_HOST = "$(BUILT_PRODUCTS_DIR)/NY Times.app/$(BUNDLE_EXECUTABLE_FOLDER_PATH)/NY Times";
			};
			name = Debug;
		};
		95D3289E2911461500D38393 /* Release */ = {
			isa = XCBuildConfiguration;
			buildSettings = {
				ALWAYS_EMBED_SWIFT_STANDARD_LIBRARIES = YES;
				BUNDLE_LOADER = "$(TEST_HOST)";
				CODE_SIGN_STYLE = Automatic;
				CURRENT_PROJECT_VERSION = 1;
				DEVELOPMENT_TEAM = WV3DL6QLG2;
				GENERATE_INFOPLIST_FILE = YES;
				IPHONEOS_DEPLOYMENT_TARGET = 16.0;
				MARKETING_VERSION = 1.0;
				PRODUCT_BUNDLE_IDENTIFIER = "com..NY-TimesTests";
				PRODUCT_NAME = "$(TARGET_NAME)";
				SWIFT_EMIT_LOC_STRINGS = NO;
				SWIFT_VERSION = 5.0;
				TARGETED_DEVICE_FAMILY = "1,2";
				TEST_HOST = "$(BUILT_PRODUCTS_DIR)/NY Times.app/$(BUNDLE_EXECUTABLE_FOLDER_PATH)/NY Times";
			};
			name = Release;
		};
		95D328A02911461500D38393 /* Debug */ = {
			isa = XCBuildConfiguration;
			buildSettings = {
				ALWAYS_EMBED_SWIFT_STANDARD_LIBRARIES = YES;
				CODE_SIGN_STYLE = Automatic;
				CURRENT_PROJECT_VERSION = 1;
				DEVELOPMENT_TEAM = WV3DL6QLG2;
				GENERATE_INFOPLIST_FILE = YES;
				MARKETING_VERSION = 1.0;
				PRODUCT_BUNDLE_IDENTIFIER = "com..NY-TimesUITests";
				PRODUCT_NAME = "$(TARGET_NAME)";
				SWIFT_EMIT_LOC_STRINGS = NO;
				SWIFT_VERSION = 5.0;
				TARGETED_DEVICE_FAMILY = "1,2";
				TEST_TARGET_NAME = "NY Times";
			};
			name = Debug;
		};
		95D328A12911461500D38393 /* Release */ = {
			isa = XCBuildConfiguration;
			buildSettings = {
				ALWAYS_EMBED_SWIFT_STANDARD_LIBRARIES = YES;
				CODE_SIGN_STYLE = Automatic;
				CURRENT_PROJECT_VERSION = 1;
				DEVELOPMENT_TEAM = WV3DL6QLG2;
				GENERATE_INFOPLIST_FILE = YES;
				MARKETING_VERSION = 1.0;
				PRODUCT_BUNDLE_IDENTIFIER = "com..NY-TimesUITests";
				PRODUCT_NAME = "$(TARGET_NAME)";
				SWIFT_EMIT_LOC_STRINGS = NO;
				SWIFT_VERSION = 5.0;
				TARGETED_DEVICE_FAMILY = "1,2";
				TEST_TARGET_NAME = "NY Times";
			};
			name = Release;
		};
/* End XCBuildConfiguration section */

/* Begin XCConfigurationList section */
		95D3286A2911461200D38393 /* Build configuration list for PBXProject "NY Times" */ = {
			isa = XCConfigurationList;
			buildConfigurations = (
				95D328972911461500D38393 /* Debug */,
				95D328982911461500D38393 /* Release */,
			);
			defaultConfigurationIsVisible = 0;
			defaultConfigurationName = Release;
		};
		95D328992911461500D38393 /* Build configuration list for PBXNativeTarget "NY Times" */ = {
			isa = XCConfigurationList;
			buildConfigurations = (
				95D3289A2911461500D38393 /* Debug */,
				95D3289B2911461500D38393 /* Release */,
			);
			defaultConfigurationIsVisible = 0;
			defaultConfigurationName = Release;
		};
		95D3289C2911461500D38393 /* Build configuration list for PBXNativeTarget "NY TimesTests" */ = {
			isa = XCConfigurationList;
			buildConfigurations = (
				95D3289D2911461500D38393 /* Debug */,
				95D3289E2911461500D38393 /* Release */,
			);
			defaultConfigurationIsVisible = 0;
			defaultConfigurationName = Release;
		};
		95D3289F2911461500D38393 /* Build configuration list for PBXNativeTarget "NY TimesUITests" */ = {
			isa = XCConfigurationList;
			buildConfigurations = (
				95D328A02911461500D38393 /* Debug */,
				95D328A12911461500D38393 /* Release */,
			);
			defaultConfigurationIsVisible = 0;
			defaultConfigurationName = Release;
		};
/* End XCConfigurationList section */
	};
	rootObject = 95D328672911461200D38393 /* Project object */;
}
